{
  "name": "aws_a4b",
  "lockfileVersion": 3,
  "requires": true,
  "packages": {
    "": {
      "dependencies": {
        "@tabler/icons": "^3.40.0"
      }
    },
    "node_modules/@tabler/icons": {
      "version": "3.40.0",
      "resolved": "https://registry.npmjs.org/@tabler/icons/-/icons-3.40.0.tgz",
      "integrity": "sha512-V/Q4VgNPKubRTiLdmWjV/zscYcj5IIk+euicUtaVVqF6luSC9rDngYWgST5/yh3Mrg/mYUwRv1YVTk71Jp0twQ==",
      "license": "MIT",
      "funding": {
        "type": "github",
        "url": "https://github.com/sponsors/codecalm"
      }
    }
  }
}
